// !$*UTF8*$!
{
	archiveVersion = 1;
	classes = {
	};
	objectVersion = 56;
	objects = {

/* Begin PBXBuildFile section */
		42F33F9D29154D75004C998B /* HomeNavigationController.swift in Sources */ = {isa = PBXBuildFile; fileRef = 42F33F9C29154D75004C998B /* HomeNavigationController.swift */; };
		42F33FA229155E74004C998B /* HomeTableViewCell.swift in Sources */ = {isa = PBXBuildFile; fileRef = 42F33FA029155E74004C998B /* HomeTableViewCell.swift */; };
		42F33FA329155E74004C998B /* HomeTableViewCell.xib in Resources */ = {isa = PBXBuildFile; fileRef = 42F33FA129155E74004C998B /* HomeTableViewCell.xib */; };
		42FEBD2129150AEE008FAFCF /* AppDelegate.swift in Sources */ = {isa = PBXBuildFile; fileRef = 42FEBD2029150AEE008FAFCF /* AppDelegate.swift */; };
		42FEBD2329150AEE008FAFCF /* SceneDelegate.swift in Sources */ = {isa = PBXBuildFile; fileRef = 42FEBD2229150AEE008FAFCF /* SceneDelegate.swift */; };
		42FEBD2529150AEE008FAFCF /* HomeViewController.swift in Sources */ = {isa = PBXBuildFile; fileRef = 42FEBD2429150AEE008FAFCF /* HomeViewController.swift */; };
		42FEBD2829150AEE008FAFCF /* Main.storyboard in Resources */ = {isa = PBXBuildFile; fileRef = 42FEBD2629150AEE008FAFCF /* Main.storyboard */; };
		42FEBD2A29150AEE008FAFCF /* Assets.xcassets in Resources */ = {isa = PBXBuildFile; fileRef = 42FEBD2929150AEE008FAFCF /* Assets.xcassets */; };
		42FEBD2D29150AEE008FAFCF /* LaunchScreen.storyboard in Resources */ = {isa = PBXBuildFile; fileRef = 42FEBD2B29150AEE008FAFCF /* LaunchScreen.storyboard */; };
/* End PBXBuildFile section */

/* Begin PBXFileReference section */
		42F33F9C29154D75004C998B /* HomeNavigationController.swift */ = {isa = PBXFileReference; lastKnownFileType = sourcecode.swift; path = HomeNavigationController.swift; sourceTree = "<group>"; };
		42F33FA029155E74004C998B /* HomeTableViewCell.swift */ = {isa = PBXFileReference; lastKnownFileType = sourcecode.swift; path = HomeTableViewCell.swift; sourceTree = "<group>"; };
		42F33FA129155E74004C998B /* HomeTableViewCell.xib */ = {isa = PBXFileReference; lastKnownFileType = file.xib; path = HomeTableViewCell.xib; sourceTree = "<group>"; };
		42FEBD1D29150AEE008FAFCF /* CarrotMarketClone(TableView).app */ = {isa = PBXFileReference; explicitFileType = wrapper.application; includeInIndex = 0; path = "CarrotMarketClone(TableView).app"; sourceTree = BUILT_PRODUCTS_DIR; };
		42FEBD2029150AEE008FAFCF /* AppDelegate.swift */ = {isa = PBXFileReference; lastKnownFileType = sourcecode.swift; path = AppDelegate.swift; sourceTree = "<group>"; };
		42FEBD2229150AEE008FAFCF /* SceneDelegate.swift */ = {isa = PBXFileReference; lastKnownFileType = sourcecode.swift; path = SceneDelegate.swift; sourceTree = "<group>"; };
		42FEBD2429150AEE008FAFCF /* HomeViewController.swift */ = {isa = PBXFileReference; lastKnownFileType = sourcecode.swift; path = HomeViewController.swift; sourceTree = "<group>"; };
		42FEBD2729150AEE008FAFCF /* Base */ = {isa = PBXFileReference; lastKnownFileType = file.storyboard; name = Base; path = Base.lproj/Main.storyboard; sourceTree = "<group>"; };
		42FEBD2929150AEE008FAFCF /* Assets.xcassets */ = {isa = PBXFileReference; lastKnownFileType = folder.assetcatalog; path = Assets.xcassets; sourceTree = "<group>"; };
		42FEBD2C29150AEE008FAFCF /* Base */ = {isa = PBXFileReference; lastKnownFileType = file.storyboard; name = Base; path = Base.lproj/LaunchScreen.storyboard; sourceTree = "<group>"; };
		42FEBD2E29150AEE008FAFCF /* Info.plist */ = {isa = PBXFileReference; lastKnownFileType = text.plist.xml; path = Info.plist; sourceTree = "<group>"; };
/* End PBXFileReference section */

/* Begin PBXFrameworksBuildPhase section */
		42FEBD1A29150AEE008FAFCF /* Frameworks */ = {
			isa = PBXFrameworksBuildPhase;
			buildActionMask = 2147483647;
			files = (
			);
			runOnlyForDeploymentPostprocessing = 0;
		};
/* End PBXFrameworksBuildPhase section */

/* Begin PBXGroup section */
		42FEBD1429150AEE008FAFCF = {
			isa = PBXGroup;
			children = (
				42FEBD1F29150AEE008FAFCF /* CarrotMarketClone(TableView) */,
				42FEBD1E29150AEE008FAFCF /* Products */,
			);
			sourceTree = "<group>";
		};
		42FEBD1E29150AEE008FAFCF /* Products */ = {
			isa = PBXGroup;
			children = (
				42FEBD1D29150AEE008FAFCF /* CarrotMarketClone(TableView).app */,
			);
			name = Products;
			sourceTree = "<group>";
		};
		42FEBD1F29150AEE008FAFCF /* CarrotMarketClone(TableView) */ = {
			isa = PBXGroup;
			children = (
				42FEBD3929150D04008FAFCF /* Application */,
				42FEBD3829150CF4008FAFCF /* Resource */,
				42FEBD3429150B84008FAFCF /* 홈 */,
			);
			path = "CarrotMarketClone(TableView)";
			sourceTree = "<group>";
		};
		42FEBD3429150B84008FAFCF /* 홈 */ = {
			isa = PBXGroup;
			children = (
				42FEBD3729150BC7008FAFCF /* Controller */,
				42FEBD3629150BBC008FAFCF /* View */,
				42FEBD3529150BB5008FAFCF /* Model */,
			);
			name = "홈";
			path = "홈";
			sourceTree = "<group>";
		};
		42FEBD3529150BB5008FAFCF /* Model */ = {
			isa = PBXGroup;
			children = (
			);
			path = Model;
			sourceTree = "<group>";
		};
		42FEBD3629150BBC008FAFCF /* View */ = {
			isa = PBXGroup;
			children = (
				42FEBD2629150AEE008FAFCF /* Main.storyboard */,
				42F33FA129155E74004C998B /* HomeTableViewCell.xib */,
			);
			path = View;
			sourceTree = "<group>";
		};
		42FEBD3729150BC7008FAFCF /* Controller */ = {
			isa = PBXGroup;
			children = (
				42FEBD2429150AEE008FAFCF /* HomeViewController.swift */,
				42F33F9C29154D75004C998B /* HomeNavigationController.swift */,
				42F33FA029155E74004C998B /* HomeTableViewCell.swift */,
			);
			path = Controller;
			sourceTree = "<group>";
		};
		42FEBD3829150CF4008FAFCF /* Resource */ = {
			isa = PBXGroup;
			children = (
				42FEBD2929150AEE008FAFCF /* Assets.xcassets */,
				42FEBD2B29150AEE008FAFCF /* LaunchScreen.storyboard */,
				42FEBD2E29150AEE008FAFCF /* Info.plist */,
			);
			path = Resource;
			sourceTree = "<group>";
		};
		42FEBD3929150D04008FAFCF /* Application */ = {
			isa = PBXGroup;
			children = (
				42FEBD2029150AEE008FAFCF /* AppDelegate.swift */,
				42FEBD2229150AEE008FAFCF /* SceneDelegate.swift */,
			);
			path = Application;
			sourceTree = "<group>";
		};
/* End PBXGroup section */

/* Begin PBXNativeTarget section */
		42FEBD1C29150AEE008FAFCF /* CarrotMarketClone(TableView) */ = {
			isa = PBXNativeTarget;
			buildConfigurationList = 42FEBD3129150AEE008FAFCF /* Build configuration list for PBXNativeTarget "CarrotMarketClone(TableView)" */;
			buildPhases = (
				42FEBD1929150AEE008FAFCF /* Sources */,
				42FEBD1A29150AEE008FAFCF /* Frameworks */,
				42FEBD1B29150AEE008FAFCF /* Resources */,
			);
			buildRules = (
			);
			dependencies = (
			);
			name = "CarrotMarketClone(TableView)";
			productName = "CarrotMarketClone(TableView)";
			productReference = 42FEBD1D29150AEE008FAFCF /* CarrotMarketClone(TableView).app */;
			productType = "com.apple.product-type.application";
		};
/* End PBXNativeTarget section */

/* Begin PBXProject section */
		42FEBD1529150AEE008FAFCF /* Project object */ = {
			isa = PBXProject;
			attributes = {
				BuildIndependentTargetsInParallel = 1;
				LastSwiftUpdateCheck = 1400;
				LastUpgradeCheck = 1400;
				TargetAttributes = {
					42FEBD1C29150AEE008FAFCF = {
						CreatedOnToolsVersion = 14.0.1;
					};
				};
			};
			buildConfigurationList = 42FEBD1829150AEE008FAFCF /* Build configuration list for PBXProject "CarrotMarketClone(TableView)" */;
			compatibilityVersion = "Xcode 14.0";
			developmentRegion = en;
			hasScannedForEncodings = 0;
			knownRegions = (
				en,
				Base,
			);
			mainGroup = 42FEBD1429150AEE008FAFCF;
			productRefGroup = 42FEBD1E29150AEE008FAFCF /* Products */;
			projectDirPath = "";
			projectRoot = "";
			targets = (
				42FEBD1C29150AEE008FAFCF /* CarrotMarketClone(TableView) */,
			);
		};
/* End PBXProject section */

/* Begin PBXResourcesBuildPhase section */
		42FEBD1B29150AEE008FAFCF /* Resources */ = {
			isa = PBXResourcesBuildPhase;
			buildActionMask = 2147483647;
			files = (
				42FEBD2D29150AEE008FAFCF /* LaunchScreen.storyboard in Resources */,
				42FEBD2A29150AEE008FAFCF /* Assets.xcassets in Resources */,
				42F33FA329155E74004C998B /* HomeTableViewCell.xib in Resources */,
				42FEBD2829150AEE008FAFCF /* Main.storyboard in Resources */,
			);
			runOnlyForDeploymentPostprocessing = 0;
		};
/* End PBXResourcesBuildPhase section */

/* Begin PBXSourcesBuildPhase section */
		42FEBD1929150AEE008FAFCF /* Sources */ = {
			isa = PBXSourcesBuildPhase;
			buildActionMask = 2147483647;
			files = (
				42FEBD2529150AEE008FAFCF /* HomeViewController.swift in Sources */,
				42F33FA229155E74004C998B /* HomeTableViewCell.swift in Sources */,
				42FEBD2129150AEE008FAFCF /* AppDelegate.swift in Sources */,
				42F33F9D29154D75004C998B /* HomeNavigationController.swift in Sources */,
				42FEBD2329150AEE008FAFCF /* SceneDelegate.swift in Sources */,
			);
			runOnlyForDeploymentPostprocessing = 0;
		};
/* End PBXSourcesBuildPhase section */

/* Begin PBXVariantGroup section */
		42FEBD2629150AEE008FAFCF /* Main.storyboard */ = {
			isa = PBXVariantGroup;
			children = (
				42FEBD2729150AEE008FAFCF /* Base */,
			);
			name = Main.storyboard;
			sourceTree = "<group>";
		};
		42FEBD2B29150AEE008FAFCF /* LaunchScreen.storyboard */ = {
			isa = PBXVariantGroup;
			children = (
				42FEBD2C29150AEE008FAFCF /* Base */,
			);
			name = LaunchScreen.storyboard;
			sourceTree = "<group>";
		};
/* End PBXVariantGroup section */

/* Begin XCBuildConfiguration section */
		42FEBD2F29150AEE008FAFCF /* Debug */ = {
			isa = XCBuildConfiguration;
			buildSettings = {
				ALWAYS_SEARCH_USER_PATHS = NO;
				CLANG_ANALYZER_NONNULL = YES;
				CLANG_ANALYZER_NUMBER_OBJECT_CONVERSION = YES_AGGRESSIVE;
				CLANG_CXX_LANGUAGE_STANDARD = "gnu++20";
				CLANG_ENABLE_MODULES = YES;
				CLANG_ENABLE_OBJC_ARC = YES;
				CLANG_ENABLE_OBJC_WEAK = YES;
				CLANG_WARN_BLOCK_CAPTURE_AUTORELEASING = YES;
				CLANG_WARN_BOOL_CONVERSION = YES;
				CLANG_WARN_COMMA = YES;
				CLANG_WARN_CONSTANT_CONVERSION = YES;
				CLANG_WARN_DEPRECATED_OBJC_IMPLEMENTATIONS = YES;
				CLANG_WARN_DIRECT_OBJC_ISA_USAGE = YES_ERROR;
				CLANG_WARN_DOCUMENTATION_COMMENTS = YES;
				CLANG_WARN_EMPTY_BODY = YES;
				CLANG_WARN_ENUM_CONVERSION = YES;
				CLANG_WARN_INFINITE_RECURSION = YES;
				CLANG_WARN_INT_CONVERSION = YES;
				CLANG_WARN_NON_LITERAL_NULL_CONVERSION = YES;
				CLANG_WARN_OBJC_IMPLICIT_RETAIN_SELF = YES;
				CLANG_WARN_OBJC_LITERAL_CONVERSION = YES;
				CLANG_WARN_OBJC_ROOT_CLASS = YES_ERROR;
				CLANG_WARN_QUOTED_INCLUDE_IN_FRAMEWORK_HEADER = YES;
				CLANG_WARN_RANGE_LOOP_ANALYSIS = YES;
				CLANG_WARN_STRICT_PROTOTYPES = YES;
				CLANG_WARN_SUSPICIOUS_MOVE = YES;
				CLANG_WARN_UNGUARDED_AVAILABILITY = YES_AGGRESSIVE;
				CLANG_WARN_UNREACHABLE_CODE = YES;
				CLANG_WARN__DUPLICATE_METHOD_MATCH = YES;
				COPY_PHASE_STRIP = NO;
				DEBUG_INFORMATION_FORMAT = dwarf;
				ENABLE_STRICT_OBJC_MSGSEND = YES;
				ENABLE_TESTABILITY = YES;
				GCC_C_LANGUAGE_STANDARD = gnu11;
				GCC_DYNAMIC_NO_PIC = NO;
				GCC_NO_COMMON_BLOCKS = YES;
				GCC_OPTIMIZATION_LEVEL = 0;
				GCC_PREPROCESSOR_DEFINITIONS = (
					"DEBUG=1",
					"$(inherited)",
				);
				GCC_WARN_64_TO_32_BIT_CONVERSION = YES;
				GCC_WARN_ABOUT_RETURN_TYPE = YES_ERROR;
				GCC_WARN_UNDECLARED_SELECTOR = YES;
				GCC_WARN_UNINITIALIZED_AUTOS = YES_AGGRESSIVE;
				GCC_WARN_UNUSED_FUNCTION = YES;
				GCC_WARN_UNUSED_VARIABLE = YES;
				IPHONEOS_DEPLOYMENT_TARGET = 16.0;
				MTL_ENABLE_DEBUG_INFO = INCLUDE_SOURCE;
				MTL_FAST_MATH = YES;
				ONLY_ACTIVE_ARCH = YES;
				SDKROOT = iphoneos;
				SWIFT_ACTIVE_COMPILATION_CONDITIONS = DEBUG;
				SWIFT_OPTIMIZATION_LEVEL = "-Onone";
			};
			name = Debug;
		};
		42FEBD3029150AEE008FAFCF /* Release */ = {
			isa = XCBuildConfiguration;
			buildSettings = {
				ALWAYS_SEARCH_USER_PATHS = NO;
				CLANG_ANALYZER_NONNULL = YES;
				CLANG_ANALYZER_NUMBER_OBJECT_CONVERSION = YES_AGGRESSIVE;
				CLANG_CXX_LANGUAGE_STANDARD = "gnu++20";
				CLANG_ENABLE_MODULES = YES;
				CLANG_ENABLE_OBJC_ARC = YES;
				CLANG_ENABLE_OBJC_WEAK = YES;
				CLANG_WARN_BLOCK_CAPTURE_AUTORELEASING = YES;
				CLANG_WARN_BOOL_CONVERSION = YES;
				CLANG_WARN_COMMA = YES;
				CLANG_WARN_CONSTANT_CONVERSION = YES;
				CLANG_WARN_DEPRECATED_OBJC_IMPLEMENTATIONS = YES;
				CLANG_WARN_DIRECT_OBJC_ISA_USAGE = YES_ERROR;
				CLANG_WARN_DOCUMENTATION_COMMENTS = YES;
				CLANG_WARN_EMPTY_BODY = YES;
				CLANG_WARN_ENUM_CONVERSION = YES;
				CLANG_WARN_INFINITE_RECURSION = YES;
				CLANG_WARN_INT_CONVERSION = YES;
				CLANG_WARN_NON_LITERAL_NULL_CONVERSION = YES;
				CLANG_WARN_OBJC_IMPLICIT_RETAIN_SELF = YES;
				CLANG_WARN_OBJC_LITERAL_CONVERSION = YES;
				CLANG_WARN_OBJC_ROOT_CLASS = YES_ERROR;
				CLANG_WARN_QUOTED_INCLUDE_IN_FRAMEWORK_HEADER = YES;
				CLANG_WARN_RANGE_LOOP_ANALYSIS = YES;
				CLANG_WARN_STRICT_PROTOTYPES = YES;
				CLANG_WARN_SUSPICIOUS_MOVE = YES;
				CLANG_WARN_UNGUARDED_AVAILABILITY = YES_AGGRESSIVE;
				CLANG_WARN_UNREACHABLE_CODE = YES;
				CLANG_WARN__DUPLICATE_METHOD_MATCH = YES;
				COPY_PHASE_STRIP = NO;
				DEBUG_INFORMATION_FORMAT = "dwarf-with-dsym";
				ENABLE_NS_ASSERTIONS = NO;
				ENABLE_STRICT_OBJC_MSGSEND = YES;
				GCC_C_LANGUAGE_STANDARD = gnu11;
				GCC_NO_COMMON_BLOCKS = YES;
				GCC_WARN_64_TO_32_BIT_CONVERSION = YES;
				GCC_WARN_ABOUT_RETURN_TYPE = YES_ERROR;
				GCC_WARN_UNDECLARED_SELECTOR = YES;
				GCC_WARN_UNINITIALIZED_AUTOS = YES_AGGRESSIVE;
				GCC_WARN_UNUSED_FUNCTION = YES;
				GCC_WARN_UNUSED_VARIABLE = YES;
				IPHONEOS_DEPLOYMENT_TARGET = 16.0;
				MTL_ENABLE_DEBUG_INFO = NO;
				MTL_FAST_MATH = YES;
				SDKROOT = iphoneos;
				SWIFT_COMPILATION_MODE = wholemodule;
				SWIFT_OPTIMIZATION_LEVEL = "-O";
				VALIDATE_PRODUCT = YES;
			};
			name = Release;
		};
		42FEBD3229150AEE008FAFCF /* Debug */ = {
			isa = XCBuildConfiguration;
			buildSettings = {
				ASSETCATALOG_COMPILER_APPICON_NAME = AppIcon;
				ASSETCATALOG_COMPILER_GLOBAL_ACCENT_COLOR_NAME = AccentColor;
				CODE_SIGN_STYLE = Automatic;
				CURRENT_PROJECT_VERSION = 1;
				GENERATE_INFOPLIST_FILE = YES;
				INFOPLIST_FILE = "CarrotMarketClone(TableView)/resource/Info.plist";
				INFOPLIST_KEY_UIApplicationSupportsIndirectInputEvents = YES;
				INFOPLIST_KEY_UILaunchStoryboardName = LaunchScreen;
				INFOPLIST_KEY_UIMainStoryboardFile = Main;
				INFOPLIST_KEY_UIStatusBarStyle = UIStatusBarStyleLightContent;
				INFOPLIST_KEY_UISupportedInterfaceOrientations_iPad = "UIInterfaceOrientationPortrait UIInterfaceOrientationPortraitUpsideDown UIInterfaceOrientationLandscapeLeft UIInterfaceOrientationLandscapeRight";
				INFOPLIST_KEY_UISupportedInterfaceOrientations_iPhone = "UIInterfaceOrientationPortrait UIInterfaceOrientationLandscapeLeft UIInterfaceOrientationLandscapeRight";
				LD_RUNPATH_SEARCH_PATHS = (
					"$(inherited)",
					"@executable_path/Frameworks",
				);
				MARKETING_VERSION = 1.0;
				PRODUCT_BUNDLE_IDENTIFIER = "ryu.CarrotMarketClone-TableView-";
				PRODUCT_NAME = "$(TARGET_NAME)";
				SWIFT_EMIT_LOC_STRINGS = YES;
				SWIFT_VERSION = 5.0;
				TARGETED_DEVICE_FAMILY = "1,2";
			};
			name = Debug;
		};
		42FEBD3329150AEE008FAFCF /* Release */ = {
			isa = XCBuildConfiguration;
			buildSettings = {
				ASSETCATALOG_COMPILER_APPICON_NAME = AppIcon;
				ASSETCATALOG_COMPILER_GLOBAL_ACCENT_COLOR_NAME = AccentColor;
				CODE_SIGN_STYLE = Automatic;
				CURRENT_PROJECT_VERSION = 1;
				GENERATE_INFOPLIST_FILE = YES;
				INFOPLIST_FILE = "CarrotMarketClone(TableView)/resource/Info.plist";
				INFOPLIST_KEY_UIApplicationSupportsIndirectInputEvents = YES;
				INFOPLIST_KEY_UILaunchStoryboardName = LaunchScreen;
				INFOPLIST_KEY_UIMainStoryboardFile = Main;
				INFOPLIST_KEY_UIStatusBarStyle = UIStatusBarStyleLightContent;
				INFOPLIST_KEY_UISupportedInterfaceOrientations_iPad = "UIInterfaceOrientationPortrait UIInterfaceOrientationPortraitUpsideDown UIInterfaceOrientationLandscapeLeft UIInterfaceOrientationLandscapeRight";
				INFOPLIST_KEY_UISupportedInterfaceOrientations_iPhone = "UIInterfaceOrientationPortrait UIInterfaceOrientationLandscapeLeft UIInterfaceOrientationLandscapeRight";
				LD_RUNPATH_SEARCH_PATHS = (
					"$(inherited)",
					"@executable_path/Frameworks",
				);
				MARKETING_VERSION = 1.0;
				PRODUCT_BUNDLE_IDENTIFIER = "ryu.CarrotMarketClone-TableView-";
				PRODUCT_NAME = "$(TARGET_NAME)";
				SWIFT_EMIT_LOC_STRINGS = YES;
				SWIFT_VERSION = 5.0;
				TARGETED_DEVICE_FAMILY = "1,2";
			};
			name = Release;
		};
/* End XCBuildConfiguration section */

/* Begin XCConfigurationList section */
		42FEBD1829150AEE008FAFCF /* Build configuration list for PBXProject "CarrotMarketClone(TableView)" */ = {
			isa = XCConfigurationList;
			buildConfigurations = (
				42FEBD2F29150AEE008FAFCF /* Debug */,
				42FEBD3029150AEE008FAFCF /* Release */,
			);
			defaultConfigurationIsVisible = 0;
			defaultConfigurationName = Release;
		};
		42FEBD3129150AEE008FAFCF /* Build configuration list for PBXNativeTarget "CarrotMarketClone(TableView)" */ = {
			isa = XCConfigurationList;
			buildConfigurations = (
				42FEBD3229150AEE008FAFCF /* Debug */,
				42FEBD3329150AEE008FAFCF /* Release */,
			);
			defaultConfigurationIsVisible = 0;
			defaultConfigurationName = Release;
		};
/* End XCConfigurationList section */
	};
	rootObject = 42FEBD1529150AEE008FAFCF /* Project object */;
}
